
Microsoft Visual Studio Solution File, Format Version 12.00
# Visual Studio Version 17
VisualStudioVersion = 17.3.32819.101
MinimumVisualStudioVersion = 10.0.40219.1
Project("{9A19103F-16F7-4668-BE54-9A1E7A4F7556}") = "MilkVillagers", "MilkVillagers\MilkVillagers.csproj", "{5921CF02-A6B4-47AD-8C84-42455D671E1C}"
EndProject
Project("{9A19103F-16F7-4668-BE54-9A1E7A4F7556}") = "[JA]MilkVillagers", "[JA]MilkVillagers\[JA]MilkVillagers.csproj", "{659EAC39-3B1D-4876-800F-4A6188BC5E85}"
EndProject
Project("{9A19103F-16F7-4668-BE54-9A1E7A4F7556}") = "[CP]MilkVillagers", "[CP]MilkVillager\[CP]MilkVillagers.csproj", "{D8CFC28E-2C05-45E9-A350-EE45939996B0}"
EndProject
Project("{2150E333-8FDC-42A3-9474-1A3956D46DE8}") = "Solution Items", "Solution Items", "{EF92C1F5-18D5-411D-8174-B96AABC00819}"
	ProjectSection(SolutionItems) = preProject
		.editorconfig = .editorconfig
	EndProjectSection
EndProject
Project("{9A19103F-16F7-4668-BE54-9A1E7A4F7556}") = "(SVE) Milk The Villagers", "(SVE) Milk The Villagers\(SVE) Milk The Villagers.csproj", "{33FB6248-EFE4-45AA-9F18-36D93B73E25D}"
EndProject
Project("{9A19103F-16F7-4668-BE54-9A1E7A4F7556}") = "(Ridgeside)MilkTheVillagers", "(Ridgeside)MilkTheVillagers\(Ridgeside)MilkTheVillagers.csproj", "{83DE5DB7-C7B4-4E01-8671-EB53E7A70B10}"
EndProject
Global
	GlobalSection(SolutionConfigurationPlatforms) = preSolution
		Debug|Any CPU = Debug|Any CPU
		Release|Any CPU = Release|Any CPU
	EndGlobalSection
	GlobalSection(ProjectConfigurationPlatforms) = postSolution
		{5921CF02-A6B4-47AD-8C84-42455D671E1C}.Debug|Any CPU.ActiveCfg = Debug|Any CPU
		{5921CF02-A6B4-47AD-8C84-42455D671E1C}.Debug|Any CPU.Build.0 = Debug|Any CPU
		{5921CF02-A6B4-47AD-8C84-42455D671E1C}.Release|Any CPU.ActiveCfg = Release|Any CPU
		{5921CF02-A6B4-47AD-8C84-42455D671E1C}.Release|Any CPU.Build.0 = Release|Any CPU
		{659EAC39-3B1D-4876-800F-4A6188BC5E85}.Debug|Any CPU.ActiveCfg = Debug|Any CPU
		{659EAC39-3B1D-4876-800F-4A6188BC5E85}.Release|Any CPU.ActiveCfg = Release|Any CPU
		{659EAC39-3B1D-4876-800F-4A6188BC5E85}.Release|Any CPU.Build.0 = Release|Any CPU
		{D8CFC28E-2C05-45E9-A350-EE45939996B0}.Debug|Any CPU.ActiveCfg = Debug|Any CPU
		{D8CFC28E-2C05-45E9-A350-EE45939996B0}.Debug|Any CPU.Build.0 = Debug|Any CPU
		{D8CFC28E-2C05-45E9-A350-EE45939996B0}.Release|Any CPU.ActiveCfg = Release|Any CPU
		{D8CFC28E-2C05-45E9-A350-EE45939996B0}.Release|Any CPU.Build.0 = Release|Any CPU
		{33FB6248-EFE4-45AA-9F18-36D93B73E25D}.Debug|Any CPU.ActiveCfg = Debug|Any CPU
		{33FB6248-EFE4-45AA-9F18-36D93B73E25D}.Release|Any CPU.ActiveCfg = Release|Any CPU
		{33FB6248-EFE4-45AA-9F18-36D93B73E25D}.Release|Any CPU.Build.0 = Release|Any CPU
		{83DE5DB7-C7B4-4E01-8671-EB53E7A70B10}.Debug|Any CPU.ActiveCfg = Debug|Any CPU
		{83DE5DB7-C7B4-4E01-8671-EB53E7A70B10}.Release|Any CPU.ActiveCfg = Release|Any CPU
		{83DE5DB7-C7B4-4E01-8671-EB53E7A70B10}.Release|Any CPU.Build.0 = Release|Any CPU
	EndGlobalSection
	GlobalSection(SolutionProperties) = preSolution
		HideSolutionNode = FALSE
	EndGlobalSection
	GlobalSection(ExtensibilityGlobals) = postSolution
		SolutionGuid = {A0387016-2CD7-4324-B965-00A7B679DC17}
	EndGlobalSection
EndGlobal
